
Microsoft Visual Studio Solution File, Format Version 12.00
# Visual Studio Version 16
VisualStudioVersion = 16.0.28803.156
MinimumVisualStudioVersion = 10.0.40219.1
Project("{FAE04EC0-301F-11D3-BF4B-00C04F79EFBC}") = "CreateAPyramid", "CreateAPyramid\CreateAPyramid.csproj", "{13263D8D-E702-41B9-AD7E-397E934660B9}"
EndProject
Global
	GlobalSection(SolutionConfigurationPlatforms) = preSolution
		Debug|Any CPU = Debug|Any CPU
		Release|Any CPU = Release|Any CPU
	EndGlobalSection
	GlobalSection(ProjectConfigurationPlatforms) = postSolution
		{13263D8D-E702-41B9-AD7E-397E934660B9}.Debug|Any CPU.ActiveCfg = Debug|Any CPU
		{13263D8D-E702-41B9-AD7E-397E934660B9}.Debug|Any CPU.Build.0 = Debug|Any CPU
		{13263D8D-E702-41B9-AD7E-397E934660B9}.Release|Any CPU.ActiveCfg = Release|Any CPU
		{13263D8D-E702-41B9-AD7E-397E934660B9}.Release|Any CPU.Build.0 = Release|Any CPU
	EndGlobalSection
	GlobalSection(SolutionProperties) = preSolution
		HideSolutionNode = FALSE
	EndGlobalSection
	GlobalSection(ExtensibilityGlobals) = postSolution
		SolutionGuid = {97810C3F-8AD8-4F89-A7C5-8E88AF7CD636}
	EndGlobalSection
EndGlobal
